
Microsoft Visual Studio Solution File, Format Version 12.00
# Visual Studio 15
VisualStudioVersion = 15.0.27428.2037
MinimumVisualStudioVersion = 10.0.40219.1
Project("{FAE04EC0-301F-11D3-BF4B-00C04F79EFBC}") = "MVCWithTest", "MVCWithTest\MVCWithTest.csproj", "{6DCD1B6C-DF40-4F6C-914E-C3C7352408D2}"
EndProject
Project("{FAE04EC0-301F-11D3-BF4B-00C04F79EFBC}") = "MVCWithTest.Tests", "MVCWithTest.Tests\MVCWithTest.Tests.csproj", "{B6480D47-D801-47E3-BF61-0B70A7E74611}"
EndProject
Global
	GlobalSection(SolutionConfigurationPlatforms) = preSolution
		Debug|Any CPU = Debug|Any CPU
		Release|Any CPU = Release|Any CPU
	EndGlobalSection
	GlobalSection(ProjectConfigurationPlatforms) = postSolution
		{6DCD1B6C-DF40-4F6C-914E-C3C7352408D2}.Debug|Any CPU.ActiveCfg = Debug|Any CPU
		{6DCD1B6C-DF40-4F6C-914E-C3C7352408D2}.Debug|Any CPU.Build.0 = Debug|Any CPU
		{6DCD1B6C-DF40-4F6C-914E-C3C7352408D2}.Release|Any CPU.ActiveCfg = Release|Any CPU
		{6DCD1B6C-DF40-4F6C-914E-C3C7352408D2}.Release|Any CPU.Build.0 = Release|Any CPU
		{B6480D47-D801-47E3-BF61-0B70A7E74611}.Debug|Any CPU.ActiveCfg = Debug|Any CPU
		{B6480D47-D801-47E3-BF61-0B70A7E74611}.Debug|Any CPU.Build.0 = Debug|Any CPU
		{B6480D47-D801-47E3-BF61-0B70A7E74611}.Release|Any CPU.ActiveCfg = Release|Any CPU
		{B6480D47-D801-47E3-BF61-0B70A7E74611}.Release|Any CPU.Build.0 = Release|Any CPU
	EndGlobalSection
	GlobalSection(SolutionProperties) = preSolution
		HideSolutionNode = FALSE
	EndGlobalSection
	GlobalSection(ExtensibilityGlobals) = postSolution
		SolutionGuid = {6ACCCE86-E317-482F-8D5F-D0E5A87427EC}
	EndGlobalSection
EndGlobal
